// !$*UTF8*$!
{
	archiveVersion = 1;
	classes = {
	};
	objectVersion = 46;
	objects = {

/* Begin PBXBuildFile section */
		956380661E9681E00011D54A /* DataViewController.m in Sources */ = {isa = PBXBuildFile; fileRef = 956380651E9681E00011D54A /* DataViewController.m */; };
		958B3E151E959FB8006F30FC /* main.m in Sources */ = {isa = PBXBuildFile; fileRef = 958B3E141E959FB8006F30FC /* main.m */; };
		958B3E181E959FB8006F30FC /* AppDelegate.m in Sources */ = {isa = PBXBuildFile; fileRef = 958B3E171E959FB8006F30FC /* AppDelegate.m */; };
		958B3E1B1E959FB8006F30FC /* ViewController.m in Sources */ = {isa = PBXBuildFile; fileRef = 958B3E1A1E959FB8006F30FC /* ViewController.m */; };
		958B3E1E1E959FB8006F30FC /* Main.storyboard in Resources */ = {isa = PBXBuildFile; fileRef = 958B3E1C1E959FB8006F30FC /* Main.storyboard */; };
		958B3E201E959FB8006F30FC /* Assets.xcassets in Resources */ = {isa = PBXBuildFile; fileRef = 958B3E1F1E959FB8006F30FC /* Assets.xcassets */; };
		958B3E231E959FB8006F30FC /* LaunchScreen.storyboard in Resources */ = {isa = PBXBuildFile; fileRef = 958B3E211E959FB8006F30FC /* LaunchScreen.storyboard */; };
		958B3E341E95A5D3006F30FC /* Subscribers.plist in Resources */ = {isa = PBXBuildFile; fileRef = 958B3E331E95A5D3006F30FC /* Subscribers.plist */; };
		958B3E371E95ABB9006F30FC /* Subscribers.m in Sources */ = {isa = PBXBuildFile; fileRef = 958B3E361E95ABB9006F30FC /* Subscribers.m */; };
/* End PBXBuildFile section */

/* Begin PBXFileReference section */
		956380641E9681E00011D54A /* DataViewController.h */ = {isa = PBXFileReference; fileEncoding = 4; lastKnownFileType = sourcecode.c.h; path = DataViewController.h; sourceTree = "<group>"; };
		956380651E9681E00011D54A /* DataViewController.m */ = {isa = PBXFileReference; fileEncoding = 4; lastKnownFileType = sourcecode.c.objc; path = DataViewController.m; sourceTree = "<group>"; };
		958B3E101E959FB8006F30FC /* Test.app */ = {isa = PBXFileReference; explicitFileType = wrapper.application; includeInIndex = 0; path = Test.app; sourceTree = BUILT_PRODUCTS_DIR; };
		958B3E141E959FB8006F30FC /* main.m */ = {isa = PBXFileReference; lastKnownFileType = sourcecode.c.objc; path = main.m; sourceTree = "<group>"; };
		958B3E161E959FB8006F30FC /* AppDelegate.h */ = {isa = PBXFileReference; lastKnownFileType = sourcecode.c.h; path = AppDelegate.h; sourceTree = "<group>"; };
		958B3E171E959FB8006F30FC /* AppDelegate.m */ = {isa = PBXFileReference; lastKnownFileType = sourcecode.c.objc; path = AppDelegate.m; sourceTree = "<group>"; };
		958B3E191E959FB8006F30FC /* ViewController.h */ = {isa = PBXFileReference; lastKnownFileType = sourcecode.c.h; path = ViewController.h; sourceTree = "<group>"; };
		958B3E1A1E959FB8006F30FC /* ViewController.m */ = {isa = PBXFileReference; lastKnownFileType = sourcecode.c.objc; path = ViewController.m; sourceTree = "<group>"; };
		958B3E1D1E959FB8006F30FC /* Base */ = {isa = PBXFileReference; lastKnownFileType = file.storyboard; name = Base; path = Base.lproj/Main.storyboard; sourceTree = "<group>"; };
		958B3E1F1E959FB8006F30FC /* Assets.xcassets */ = {isa = PBXFileReference; lastKnownFileType = folder.assetcatalog; path = Assets.xcassets; sourceTree = "<group>"; };
		958B3E221E959FB8006F30FC /* Base */ = {isa = PBXFileReference; lastKnownFileType = file.storyboard; name = Base; path = Base.lproj/LaunchScreen.storyboard; sourceTree = "<group>"; };
		958B3E241E959FB8006F30FC /* Info.plist */ = {isa = PBXFileReference; lastKnownFileType = text.plist.xml; path = Info.plist; sourceTree = "<group>"; };
		958B3E331E95A5D3006F30FC /* Subscribers.plist */ = {isa = PBXFileReference; fileEncoding = 4; lastKnownFileType = text.plist.xml; path = Subscribers.plist; sourceTree = "<group>"; };
		958B3E351E95ABB9006F30FC /* Subscribers.h */ = {isa = PBXFileReference; fileEncoding = 4; lastKnownFileType = sourcecode.c.h; path = Subscribers.h; sourceTree = "<group>"; };
		958B3E361E95ABB9006F30FC /* Subscribers.m */ = {isa = PBXFileReference; fileEncoding = 4; lastKnownFileType = sourcecode.c.objc; path = Subscribers.m; sourceTree = "<group>"; };
/* End PBXFileReference section */

/* Begin PBXFrameworksBuildPhase section */
		958B3E0D1E959FB8006F30FC /* Frameworks */ = {
			isa = PBXFrameworksBuildPhase;
			buildActionMask = 2147483647;
			files = (
			);
			runOnlyForDeploymentPostprocessing = 0;
		};
/* End PBXFrameworksBuildPhase section */

/* Begin PBXGroup section */
		958B3E071E959FB8006F30FC = {
			isa = PBXGroup;
			children = (
				958B3E121E959FB8006F30FC /* Test */,
				958B3E111E959FB8006F30FC /* Products */,
			);
			sourceTree = "<group>";
		};
		958B3E111E959FB8006F30FC /* Products */ = {
			isa = PBXGroup;
			children = (
				958B3E101E959FB8006F30FC /* Test.app */,
			);
			name = Products;
			sourceTree = "<group>";
		};
		958B3E121E959FB8006F30FC /* Test */ = {
			isa = PBXGroup;
			children = (
				958B3E2F1E95A1EA006F30FC /* Views */,
				958B3E321E95A29C006F30FC /* Controllers */,
				958B3E311E95A272006F30FC /* Models */,
				958B3E301E95A230006F30FC /* Storyboards */,
				958B3E161E959FB8006F30FC /* AppDelegate.h */,
				958B3E171E959FB8006F30FC /* AppDelegate.m */,
				958B3E1F1E959FB8006F30FC /* Assets.xcassets */,
				958B3E241E959FB8006F30FC /* Info.plist */,
				958B3E131E959FB8006F30FC /* Supporting Files */,
			);
			path = Test;
			sourceTree = "<group>";
		};
		958B3E131E959FB8006F30FC /* Supporting Files */ = {
			isa = PBXGroup;
			children = (
				958B3E141E959FB8006F30FC /* main.m */,
			);
			name = "Supporting Files";
			sourceTree = "<group>";
		};
		958B3E2F1E95A1EA006F30FC /* Views */ = {
			isa = PBXGroup;
			children = (
			);
			name = Views;
			sourceTree = "<group>";
		};
		958B3E301E95A230006F30FC /* Storyboards */ = {
			isa = PBXGroup;
			children = (
				958B3E1C1E959FB8006F30FC /* Main.storyboard */,
				958B3E211E959FB8006F30FC /* LaunchScreen.storyboard */,
			);
			name = Storyboards;
			sourceTree = "<group>";
		};
		958B3E311E95A272006F30FC /* Models */ = {
			isa = PBXGroup;
			children = (
				958B3E331E95A5D3006F30FC /* Subscribers.plist */,
				958B3E351E95ABB9006F30FC /* Subscribers.h */,
				958B3E361E95ABB9006F30FC /* Subscribers.m */,
			);
			name = Models;
			sourceTree = "<group>";
		};
		958B3E321E95A29C006F30FC /* Controllers */ = {
			isa = PBXGroup;
			children = (
				956380641E9681E00011D54A /* DataViewController.h */,
				956380651E9681E00011D54A /* DataViewController.m */,
				958B3E1A1E959FB8006F30FC /* ViewController.m */,
				958B3E191E959FB8006F30FC /* ViewController.h */,
			);
			name = Controllers;
			sourceTree = "<group>";
		};
/* End PBXGroup section */

/* Begin PBXNativeTarget section */
		958B3E0F1E959FB8006F30FC /* Test */ = {
			isa = PBXNativeTarget;
			buildConfigurationList = 958B3E271E959FB8006F30FC /* Build configuration list for PBXNativeTarget "Test" */;
			buildPhases = (
				958B3E0C1E959FB8006F30FC /* Sources */,
				958B3E0D1E959FB8006F30FC /* Frameworks */,
				958B3E0E1E959FB8006F30FC /* Resources */,
			);
			buildRules = (
			);
			dependencies = (
			);
			name = Test;
			productName = Test;
			productReference = 958B3E101E959FB8006F30FC /* Test.app */;
			productType = "com.apple.product-type.application";
		};
/* End PBXNativeTarget section */

/* Begin PBXProject section */
		958B3E081E959FB8006F30FC /* Project object */ = {
			isa = PBXProject;
			attributes = {
				LastUpgradeCheck = 0820;
				ORGANIZATIONNAME = Anna;
				TargetAttributes = {
					958B3E0F1E959FB8006F30FC = {
						CreatedOnToolsVersion = 8.2.1;
						ProvisioningStyle = Automatic;
					};
				};
			};
			buildConfigurationList = 958B3E0B1E959FB8006F30FC /* Build configuration list for PBXProject "Test" */;
			compatibilityVersion = "Xcode 3.2";
			developmentRegion = English;
			hasScannedForEncodings = 0;
			knownRegions = (
				en,
				Base,
			);
			mainGroup = 958B3E071E959FB8006F30FC;
			productRefGroup = 958B3E111E959FB8006F30FC /* Products */;
			projectDirPath = "";
			projectRoot = "";
			targets = (
				958B3E0F1E959FB8006F30FC /* Test */,
			);
		};
/* End PBXProject section */

/* Begin PBXResourcesBuildPhase section */
		958B3E0E1E959FB8006F30FC /* Resources */ = {
			isa = PBXResourcesBuildPhase;
			buildActionMask = 2147483647;
			files = (
				958B3E231E959FB8006F30FC /* LaunchScreen.storyboard in Resources */,
				958B3E201E959FB8006F30FC /* Assets.xcassets in Resources */,
				958B3E341E95A5D3006F30FC /* Subscribers.plist in Resources */,
				958B3E1E1E959FB8006F30FC /* Main.storyboard in Resources */,
			);
			runOnlyForDeploymentPostprocessing = 0;
		};
/* End PBXResourcesBuildPhase section */

/* Begin PBXSourcesBuildPhase section */
		958B3E0C1E959FB8006F30FC /* Sources */ = {
			isa = PBXSourcesBuildPhase;
			buildActionMask = 2147483647;
			files = (
				958B3E1B1E959FB8006F30FC /* ViewController.m in Sources */,
				958B3E181E959FB8006F30FC /* AppDelegate.m in Sources */,
				958B3E151E959FB8006F30FC /* main.m in Sources */,
				958B3E371E95ABB9006F30FC /* Subscribers.m in Sources */,
				956380661E9681E00011D54A /* DataViewController.m in Sources */,
			);
			runOnlyForDeploymentPostprocessing = 0;
		};
/* End PBXSourcesBuildPhase section */

/* Begin PBXVariantGroup section */
		958B3E1C1E959FB8006F30FC /* Main.storyboard */ = {
			isa = PBXVariantGroup;
			children = (
				958B3E1D1E959FB8006F30FC /* Base */,
			);
			name = Main.storyboard;
			sourceTree = "<group>";
		};
		958B3E211E959FB8006F30FC /* LaunchScreen.storyboard */ = {
			isa = PBXVariantGroup;
			children = (
				958B3E221E959FB8006F30FC /* Base */,
			);
			name = LaunchScreen.storyboard;
			sourceTree = "<group>";
		};
/* End PBXVariantGroup section */

/* Begin XCBuildConfiguration section */
		958B3E251E959FB8006F30FC /* Debug */ = {
			isa = XCBuildConfiguration;
			buildSettings = {
				ALWAYS_SEARCH_USER_PATHS = NO;
				CLANG_ANALYZER_NONNULL = YES;
				CLANG_CXX_LANGUAGE_STANDARD = "gnu++0x";
				CLANG_CXX_LIBRARY = "libc++";
				CLANG_ENABLE_MODULES = YES;
				CLANG_ENABLE_OBJC_ARC = YES;
				CLANG_WARN_BOOL_CONVERSION = YES;
				CLANG_WARN_CONSTANT_CONVERSION = YES;
				CLANG_WARN_DIRECT_OBJC_ISA_USAGE = YES_ERROR;
				CLANG_WARN_DOCUMENTATION_COMMENTS = YES;
				CLANG_WARN_EMPTY_BODY = YES;
				CLANG_WARN_ENUM_CONVERSION = YES;
				CLANG_WARN_INFINITE_RECURSION = YES;
				CLANG_WARN_INT_CONVERSION = YES;
				CLANG_WARN_OBJC_ROOT_CLASS = YES_ERROR;
				CLANG_WARN_SUSPICIOUS_MOVE = YES;
				CLANG_WARN_UNREACHABLE_CODE = YES;
				CLANG_WARN__DUPLICATE_METHOD_MATCH = YES;
				"CODE_SIGN_IDENTITY[sdk=iphoneos*]" = "iPhone Developer";
				COPY_PHASE_STRIP = NO;
				DEBUG_INFORMATION_FORMAT = dwarf;
				ENABLE_STRICT_OBJC_MSGSEND = YES;
				ENABLE_TESTABILITY = YES;
				GCC_C_LANGUAGE_STANDARD = gnu99;
				GCC_DYNAMIC_NO_PIC = NO;
				GCC_NO_COMMON_BLOCKS = YES;
				GCC_OPTIMIZATION_LEVEL = 0;
				GCC_PREPROCESSOR_DEFINITIONS = (
					"DEBUG=1",
					"$(inherited)",
				);
				GCC_WARN_64_TO_32_BIT_CONVERSION = YES;
				GCC_WARN_ABOUT_RETURN_TYPE = YES_ERROR;
				GCC_WARN_UNDECLARED_SELECTOR = YES;
				GCC_WARN_UNINITIALIZED_AUTOS = YES_AGGRESSIVE;
				GCC_WARN_UNUSED_FUNCTION = YES;
				GCC_WARN_UNUSED_VARIABLE = YES;
				IPHONEOS_DEPLOYMENT_TARGET = 10.2;
				MTL_ENABLE_DEBUG_INFO = YES;
				ONLY_ACTIVE_ARCH = YES;
				SDKROOT = iphoneos;
				TARGETED_DEVICE_FAMILY = "1,2";
			};
			name = Debug;
		};
		958B3E261E959FB8006F30FC /* Release */ = {
			isa = XCBuildConfiguration;
			buildSettings = {
				ALWAYS_SEARCH_USER_PATHS = NO;
				CLANG_ANALYZER_NONNULL = YES;
				CLANG_CXX_LANGUAGE_STANDARD = "gnu++0x";
				CLANG_CXX_LIBRARY = "libc++";
				CLANG_ENABLE_MODULES = YES;
				CLANG_ENABLE_OBJC_ARC = YES;
				CLANG_WARN_BOOL_CONVERSION = YES;
				CLANG_WARN_CONSTANT_CONVERSION = YES;
				CLANG_WARN_DIRECT_OBJC_ISA_USAGE = YES_ERROR;
				CLANG_WARN_DOCUMENTATION_COMMENTS = YES;
				CLANG_WARN_EMPTY_BODY = YES;
				CLANG_WARN_ENUM_CONVERSION = YES;
				CLANG_WARN_INFINITE_RECURSION = YES;
				CLANG_WARN_INT_CONVERSION = YES;
				CLANG_WARN_OBJC_ROOT_CLASS = YES_ERROR;
				CLANG_WARN_SUSPICIOUS_MOVE = YES;
				CLANG_WARN_UNREACHABLE_CODE = YES;
				CLANG_WARN__DUPLICATE_METHOD_MATCH = YES;
				"CODE_SIGN_IDENTITY[sdk=iphoneos*]" = "iPhone Developer";
				COPY_PHASE_STRIP = NO;
				DEBUG_INFORMATION_FORMAT = "dwarf-with-dsym";
				ENABLE_NS_ASSERTIONS = NO;
				ENABLE_STRICT_OBJC_MSGSEND = YES;
				GCC_C_LANGUAGE_STANDARD = gnu99;
				GCC_NO_COMMON_BLOCKS = YES;
				GCC_WARN_64_TO_32_BIT_CONVERSION = YES;
				GCC_WARN_ABOUT_RETURN_TYPE = YES_ERROR;
				GCC_WARN_UNDECLARED_SELECTOR = YES;
				GCC_WARN_UNINITIALIZED_AUTOS = YES_AGGRESSIVE;
				GCC_WARN_UNUSED_FUNCTION = YES;
				GCC_WARN_UNUSED_VARIABLE = YES;
				IPHONEOS_DEPLOYMENT_TARGET = 10.2;
				MTL_ENABLE_DEBUG_INFO = NO;
				SDKROOT = iphoneos;
				TARGETED_DEVICE_FAMILY = "1,2";
				VALIDATE_PRODUCT = YES;
			};
			name = Release;
		};
		958B3E281E959FB8006F30FC /* Debug */ = {
			isa = XCBuildConfiguration;
			buildSettings = {
				ASSETCATALOG_COMPILER_APPICON_NAME = AppIcon;
				INFOPLIST_FILE = Test/Info.plist;
				LD_RUNPATH_SEARCH_PATHS = "$(inherited) @executable_path/Frameworks";
				PRODUCT_BUNDLE_IDENTIFIER = AS.Test;
				PRODUCT_NAME = "$(TARGET_NAME)";
			};
			name = Debug;
		};
		958B3E291E959FB8006F30FC /* Release */ = {
			isa = XCBuildConfiguration;
			buildSettings = {
				ASSETCATALOG_COMPILER_APPICON_NAME = AppIcon;
				INFOPLIST_FILE = Test/Info.plist;
				LD_RUNPATH_SEARCH_PATHS = "$(inherited) @executable_path/Frameworks";
				PRODUCT_BUNDLE_IDENTIFIER = AS.Test;
				PRODUCT_NAME = "$(TARGET_NAME)";
			};
			name = Release;
		};
/* End XCBuildConfiguration section */

/* Begin XCConfigurationList section */
		958B3E0B1E959FB8006F30FC /* Build configuration list for PBXProject "Test" */ = {
			isa = XCConfigurationList;
			buildConfigurations = (
				958B3E251E959FB8006F30FC /* Debug */,
				958B3E261E959FB8006F30FC /* Release */,
			);
			defaultConfigurationIsVisible = 0;
			defaultConfigurationName = Release;
		};
		958B3E271E959FB8006F30FC /* Build configuration list for PBXNativeTarget "Test" */ = {
			isa = XCConfigurationList;
			buildConfigurations = (
				958B3E281E959FB8006F30FC /* Debug */,
				958B3E291E959FB8006F30FC /* Release */,
			);
			defaultConfigurationIsVisible = 0;
			defaultConfigurationName = Release;
		};
/* End XCConfigurationList section */
	};
	rootObject = 958B3E081E959FB8006F30FC /* Project object */;
}
